
Microsoft Visual Studio Solution File, Format Version 12.00
# Visual Studio Version 17
VisualStudioVersion = 17.1.32414.318
MinimumVisualStudioVersion = 10.0.40219.1
Project("{FAE04EC0-301F-11D3-BF4B-00C04F79EFBC}") = "YSetMIC", "YSetMIC\YSetMIC.csproj", "{850226C5-B28B-452E-9DB9-187DA03BC619}"
EndProject
Global
	GlobalSection(SolutionConfigurationPlatforms) = preSolution
		Debug|Any CPU = Debug|Any CPU
		Release|Any CPU = Release|Any CPU
	EndGlobalSection
	GlobalSection(ProjectConfigurationPlatforms) = postSolution
		{850226C5-B28B-452E-9DB9-187DA03BC619}.Debug|Any CPU.ActiveCfg = Debug|Any CPU
		{850226C5-B28B-452E-9DB9-187DA03BC619}.Debug|Any CPU.Build.0 = Debug|Any CPU
		{850226C5-B28B-452E-9DB9-187DA03BC619}.Release|Any CPU.ActiveCfg = Release|Any CPU
		{850226C5-B28B-452E-9DB9-187DA03BC619}.Release|Any CPU.Build.0 = Release|Any CPU
	EndGlobalSection
	GlobalSection(SolutionProperties) = preSolution
		HideSolutionNode = FALSE
	EndGlobalSection
	GlobalSection(ExtensibilityGlobals) = postSolution
		SolutionGuid = {94B1720F-DA5B-40BE-890C-78D119FFDA27}
	EndGlobalSection
EndGlobal
